
Microsoft Visual Studio Solution File, Format Version 12.00
# Visual Studio Version 17
VisualStudioVersion = 17.5.002.0
MinimumVisualStudioVersion = 10.0.40219.1
Project("{9A19103F-16F7-4668-BE54-9A1E7A4F7556}") = "trunBaseCombat-challenge", "trunBaseCombat-challenge.csproj", "{716B6CC8-F577-457A-91D4-5AB41B3EFC07}"
EndProject
Global
	GlobalSection(SolutionConfigurationPlatforms) = preSolution
		Debug|Any CPU = Debug|Any CPU
		Release|Any CPU = Release|Any CPU
	EndGlobalSection
	GlobalSection(ProjectConfigurationPlatforms) = postSolution
		{716B6CC8-F577-457A-91D4-5AB41B3EFC07}.Debug|Any CPU.ActiveCfg = Debug|Any CPU
		{716B6CC8-F577-457A-91D4-5AB41B3EFC07}.Debug|Any CPU.Build.0 = Debug|Any CPU
		{716B6CC8-F577-457A-91D4-5AB41B3EFC07}.Release|Any CPU.ActiveCfg = Release|Any CPU
		{716B6CC8-F577-457A-91D4-5AB41B3EFC07}.Release|Any CPU.Build.0 = Release|Any CPU
	EndGlobalSection
	GlobalSection(SolutionProperties) = preSolution
		HideSolutionNode = FALSE
	EndGlobalSection
	GlobalSection(ExtensibilityGlobals) = postSolution
		SolutionGuid = {E1E00FF7-12A7-4E31-AF8D-C5351E9B5AF4}
	EndGlobalSection
EndGlobal
